version = 1
revision = 3
requires-python = ">=3.11"

[[package]]
name = "colorama"
version = "0.4.6"
source = { registry = "https://pypi.org/simple" }
sdist = { url = "https://files.pythonhosted.org/packages/d8/53/6f443c9a4a8358a93a6792e2acffb9d9d5cb0a5cfd8802644b7b1c9a02e4/colorama-0.4.6.tar.gz", hash = "sha256:08695f5cb7ed6e0531a20572697297273c47b8cae5a63ffc6d6ed5c201be6e44", size = 27697, upload-time = "2022-10-25T02:36:22.414Z" }
wheels = [
    { url = "https://files.pythonhosted.org/packages/d1/d6/3965ed04c63042e047cb6a3e6ed1a63a35087b6a609aa3a15ed8ac56c221/colorama-0.4.6-py2.py3-none-any.whl", hash = "sha256:4f1d9991f5acc0ca119f9d443620b77f9d6b33703e51011c16baf57afb285fc6", size = 25335, upload-time = "2022-10-25T02:36:20.889Z" },
]

[[package]]
name = "iniconfig"
version = "2.3.0"
source = { registry = "https://pypi.org/simple" }
sdist = { url = "https://files.pythonhosted.org/packages/72/34/14ca021ce8e5dfedc35312d08ba8bf51fdd999c576889fc2c24cb97f4f10/iniconfig-2.3.0.tar.gz", hash = "sha256:c76315c77db068650d49c5b56314774a7804df16fee4402c1f19d6d15d8c4730", size = 20503, upload-time = "2025-10-18T21:55:43.219Z" }
wheels = [
    { url = "https://files.pythonhosted.org/packages/cb/b1/3846dd7f199d53cb17f49cba7e651e9ce294d8497c8c150530ed11865bb8/iniconfig-2.3.0-py3-none-any.whl", hash = "sha256:f631c04d2c48c52b84d0d0549c99ff3859c98df65b3101406327ecc7d53fbf12", size = 7484, upload-time = "2025-10-18T21:55:41.639Z" },
]

[[package]]
name = "lark"
version = "1.3.1"
source = { registry = "https://pypi.org/simple" }
sdist = { url = "https://files.pythonhosted.org/packages/da/34/28fff3ab31ccff1fd4f6c7c7b0ceb2b6968d8ea4950663eadcb5720591a0/lark-1.3.1.tar.gz", hash = "sha256:b426a7a6d6d53189d318f2b6236ab5d6429eaf09259f1ca33eb716eed10d2905", size = 382732, upload-time = "2025-10-27T18:25:56.653Z" }
wheels = [
    { url = "https://files.pythonhosted.org/packages/82/3d/14ce75ef66813643812f3093ab17e46d3a206942ce7376d31ec2d36229e7/lark-1.3.1-py3-none-any.whl", hash = "sha256:c629b661023a014c37da873b4ff58a817398d12635d3bbb2c5a03be7fe5d1e12", size = 113151, upload-time = "2025-10-27T18:25:54.882Z" },
]

[[package]]
name = "lqp"
version = "0.2.3"
source = { editable = "." }
dependencies = [
    { name = "colorama" },
    { name = "lark" },
    { name = "more-itertools" },
    { name = "protobuf" },
]

[package.optional-dependencies]
test = [
    { name = "pyrefly" },
    { name = "pytest" },
    { name = "pytest-snapshot" },
]

[package.metadata]
requires-dist = [
    { name = "colorama" },
    { name = "lark", specifier = ">=1.1.9" },
    { name = "more-itertools" },
    { name = "protobuf", specifier = ">=3.20.3,<5.0.0" },
    { name = "pyrefly", marker = "extra == 'test'", specifier = "==0.25.1" },
    { name = "pytest", marker = "extra == 'test'", specifier = ">=7.0.0" },
    { name = "pytest-snapshot", marker = "extra == 'test'" },
]
provides-extras = ["test"]

[[package]]
name = "more-itertools"
version = "10.8.0"
source = { registry = "https://pypi.org/simple" }
sdist = { url = "https://files.pythonhosted.org/packages/ea/5d/38b681d3fce7a266dd9ab73c66959406d565b3e85f21d5e66e1181d93721/more_itertools-10.8.0.tar.gz", hash = "sha256:f638ddf8a1a0d134181275fb5d58b086ead7c6a72429ad725c67503f13ba30bd", size = 137431, upload-time = "2025-09-02T15:23:11.018Z" }
wheels = [
    { url = "https://files.pythonhosted.org/packages/a4/8e/469e5a4a2f5855992e425f3cb33804cc07bf18d48f2db061aec61ce50270/more_itertools-10.8.0-py3-none-any.whl", hash = "sha256:52d4362373dcf7c52546bc4af9a86ee7c4579df9a8dc268be0a2f949d376cc9b", size = 69667, upload-time = "2025-09-02T15:23:09.635Z" },
]

[[package]]
name = "packaging"
version = "26.0"
source = { registry = "https://pypi.org/simple" }
sdist = { url = "https://files.pythonhosted.org/packages/65/ee/299d360cdc32edc7d2cf530f3accf79c4fca01e96ffc950d8a52213bd8e4/packaging-26.0.tar.gz", hash = "sha256:00243ae351a257117b6a241061796684b084ed1c516a08c48a3f7e147a9d80b4", size = 143416, upload-time = "2026-01-21T20:50:39.064Z" }
wheels = [
    { url = "https://files.pythonhosted.org/packages/b7/b9/c538f279a4e237a006a2c98387d081e9eb060d203d8ed34467cc0f0b9b53/packaging-26.0-py3-none-any.whl", hash = "sha256:b36f1fef9334a5588b4166f8bcd26a14e521f2b55e6b9de3aaa80d3ff7a37529", size = 74366, upload-time = "2026-01-21T20:50:37.788Z" },
]

[[package]]
name = "pluggy"
version = "1.6.0"
source = { registry = "https://pypi.org/simple" }
sdist = { url = "https://files.pythonhosted.org/packages/f9/e2/3e91f31a7d2b083fe6ef3fa267035b518369d9511ffab804f839851d2779/pluggy-1.6.0.tar.gz", hash = "sha256:7dcc130b76258d33b90f61b658791dede3486c3e6bfb003ee5c9bfb396dd22f3", size = 69412, upload-time = "2025-05-15T12:30:07.975Z" }
wheels = [
    { url = "https://files.pythonhosted.org/packages/54/20/4d324d65cc6d9205fabedc306948156824eb9f0ee1633355a8f7ec5c66bf/pluggy-1.6.0-py3-none-any.whl", hash = "sha256:e920276dd6813095e9377c0bc5566d94c932c33b27a3e3945d8389c374dd4746", size = 20538, upload-time = "2025-05-15T12:30:06.134Z" },
]

[[package]]
name = "protobuf"
version = "4.25.8"
source = { registry = "https://pypi.org/simple" }
sdist = { url = "https://files.pythonhosted.org/packages/df/01/34c8d2b6354906d728703cb9d546a0e534de479e25f1b581e4094c4a85cc/protobuf-4.25.8.tar.gz", hash = "sha256:6135cf8affe1fc6f76cced2641e4ea8d3e59518d1f24ae41ba97bcad82d397cd", size = 380920, upload-time = "2025-05-28T14:22:25.153Z" }
wheels = [
    { url = "https://files.pythonhosted.org/packages/45/ff/05f34305fe6b85bbfbecbc559d423a5985605cad5eda4f47eae9e9c9c5c5/protobuf-4.25.8-cp310-abi3-win32.whl", hash = "sha256:504435d831565f7cfac9f0714440028907f1975e4bed228e58e72ecfff58a1e0", size = 392745, upload-time = "2025-05-28T14:22:10.524Z" },
    { url = "https://files.pythonhosted.org/packages/08/35/8b8a8405c564caf4ba835b1fdf554da869954712b26d8f2a98c0e434469b/protobuf-4.25.8-cp310-abi3-win_amd64.whl", hash = "sha256:bd551eb1fe1d7e92c1af1d75bdfa572eff1ab0e5bf1736716814cdccdb2360f9", size = 413736, upload-time = "2025-05-28T14:22:13.156Z" },
    { url = "https://files.pythonhosted.org/packages/28/d7/ab27049a035b258dab43445eb6ec84a26277b16105b277cbe0a7698bdc6c/protobuf-4.25.8-cp37-abi3-macosx_10_9_universal2.whl", hash = "sha256:ca809b42f4444f144f2115c4c1a747b9a404d590f18f37e9402422033e464e0f", size = 394537, upload-time = "2025-05-28T14:22:14.768Z" },
    { url = "https://files.pythonhosted.org/packages/bd/6d/a4a198b61808dd3d1ee187082ccc21499bc949d639feb948961b48be9a7e/protobuf-4.25.8-cp37-abi3-manylinux2014_aarch64.whl", hash = "sha256:9ad7ef62d92baf5a8654fbb88dac7fa5594cfa70fd3440488a5ca3bfc6d795a7", size = 294005, upload-time = "2025-05-28T14:22:16.052Z" },
    { url = "https://files.pythonhosted.org/packages/d6/c6/c9deaa6e789b6fc41b88ccbdfe7a42d2b82663248b715f55aa77fbc00724/protobuf-4.25.8-cp37-abi3-manylinux2014_x86_64.whl", hash = "sha256:83e6e54e93d2b696a92cad6e6efc924f3850f82b52e1563778dfab8b355101b0", size = 294924, upload-time = "2025-05-28T14:22:17.105Z" },
    { url = "https://files.pythonhosted.org/packages/0c/c1/6aece0ab5209981a70cd186f164c133fdba2f51e124ff92b73de7fd24d78/protobuf-4.25.8-py3-none-any.whl", hash = "sha256:15a0af558aa3b13efef102ae6e4f3efac06f1eea11afb3a57db2901447d9fb59", size = 156757, upload-time = "2025-05-28T14:22:24.135Z" },
]

[[package]]
name = "pygments"
version = "2.19.2"
source = { registry = "https://pypi.org/simple" }
sdist = { url = "https://files.pythonhosted.org/packages/b0/77/a5b8c569bf593b0140bde72ea885a803b82086995367bf2037de0159d924/pygments-2.19.2.tar.gz", hash = "sha256:636cb2477cec7f8952536970bc533bc43743542f70392ae026374600add5b887", size = 4968631, upload-time = "2025-06-21T13:39:12.283Z" }
wheels = [
    { url = "https://files.pythonhosted.org/packages/c7/21/705964c7812476f378728bdf590ca4b771ec72385c533964653c68e86bdc/pygments-2.19.2-py3-none-any.whl", hash = "sha256:86540386c03d588bb81d44bc3928634ff26449851e99741617ecb9037ee5ec0b", size = 1225217, upload-time = "2025-06-21T13:39:07.939Z" },
]

[[package]]
name = "pyrefly"
version = "0.25.1"
source = { registry = "https://pypi.org/simple" }
sdist = { url = "https://files.pythonhosted.org/packages/ba/35/32e65a4a90e67ae458796f2bd70926022b753fc17ad0452c098e7ef69013/pyrefly-0.25.1.tar.gz", hash = "sha256:9525fffb280ff7ffdd3fb5d2658aa1385bb3ef3687e3d0abbe2e48baa2d72fa1", size = 1173131, upload-time = "2025-07-25T18:02:16.096Z" }
wheels = [
    { url = "https://files.pythonhosted.org/packages/59/64/9d9294e3333007e0419756954eb369123635808d44e5c541309b38da5def/pyrefly-0.25.1-py3-none-macosx_10_12_x86_64.whl", hash = "sha256:65374450bb590b715b3d5ee5fb1d9053b01cc5843df24b7f9727ce244ba412d7", size = 6295754, upload-time = "2025-07-25T18:02:02.322Z" },
    { url = "https://files.pythonhosted.org/packages/6e/0d/d074a2d3aeaab7d68fe2f92ea78e05c16e2c25768d45936abb39507ec838/pyrefly-0.25.1-py3-none-macosx_11_0_arm64.whl", hash = "sha256:8127b83f850f7c3b78413bd6626d2496c2af763d68716bf0ada9f0752dc550fb", size = 5862619, upload-time = "2025-07-25T18:02:04.436Z" },
    { url = "https://files.pythonhosted.org/packages/70/80/ba13b82145aac0d833b47fb198875abd73b3cc0e2ceebd50e9ca099572ff/pyrefly-0.25.1-py3-none-manylinux_2_17_aarch64.manylinux2014_aarch64.whl", hash = "sha256:c84a7846651067d7d782835ade6eed66e855dbd1c63925cd4490d226d92d4a42", size = 6086423, upload-time = "2025-07-25T18:02:06.317Z" },
    { url = "https://files.pythonhosted.org/packages/84/d3/76cfbdf568b479dbf0fcb2bec40d12e792b994adc24b68072640eb345cd3/pyrefly-0.25.1-py3-none-manylinux_2_17_i686.manylinux2014_i686.whl", hash = "sha256:41ca0aff5f74103bf33f8d86725d7dec9ade410721f3071d661e2393220a053c", size = 6832151, upload-time = "2025-07-25T18:02:07.825Z" },
    { url = "https://files.pythonhosted.org/packages/96/0f/c856707e069fb96b795dc5f65881239ef5f59181651c03507cce6dea8b31/pyrefly-0.25.1-py3-none-manylinux_2_17_x86_64.manylinux2014_x86_64.whl", hash = "sha256:9909532b49c591338838078229cb49389c024c29f836f92028fee78ce62db3e2", size = 6549767, upload-time = "2025-07-25T18:02:09.64Z" },
    { url = "https://files.pythonhosted.org/packages/be/13/470ae8041c680321db69761f97a707237be6976dec8b15335e93f7816fab/pyrefly-0.25.1-py3-none-win32.whl", hash = "sha256:86a37b106a0f32cf0f0d82af5e49c41e6618c82896f109094c8dad436f17d7d7", size = 6074424, upload-time = "2025-07-25T18:02:11.34Z" },
    { url = "https://files.pythonhosted.org/packages/7c/c9/ea1c30b240bbf97af0f25ab06dfe07c15c3fd6bf529c9d2078cba155588f/pyrefly-0.25.1-py3-none-win_amd64.whl", hash = "sha256:8a5a3432a0fabebc8a651cc0ffde22001e39a1e80cd2337b1d6a839b771c4c71", size = 6471651, upload-time = "2025-07-25T18:02:13.044Z" },
    { url = "https://files.pythonhosted.org/packages/3e/30/8603bca74e7a83fccab5fd54d4f17f26e8d35568e17559df600586dc37b1/pyrefly-0.25.1-py3-none-win_arm64.whl", hash = "sha256:e5093e979b31f10099bc48cc737d36fb69cbb84cd062df4dc122ff55c22712e2", size = 6114819, upload-time = "2025-07-25T18:02:14.573Z" },
]

[[package]]
name = "pytest"
version = "9.0.2"
source = { registry = "https://pypi.org/simple" }
dependencies = [
    { name = "colorama", marker = "sys_platform == 'win32'" },
    { name = "iniconfig" },
    { name = "packaging" },
    { name = "pluggy" },
    { name = "pygments" },
]
sdist = { url = "https://files.pythonhosted.org/packages/d1/db/7ef3487e0fb0049ddb5ce41d3a49c235bf9ad299b6a25d5780a89f19230f/pytest-9.0.2.tar.gz", hash = "sha256:75186651a92bd89611d1d9fc20f0b4345fd827c41ccd5c299a868a05d70edf11", size = 1568901, upload-time = "2025-12-06T21:30:51.014Z" }
wheels = [
    { url = "https://files.pythonhosted.org/packages/3b/ab/b3226f0bd7cdcf710fbede2b3548584366da3b19b5021e74f5bde2a8fa3f/pytest-9.0.2-py3-none-any.whl", hash = "sha256:711ffd45bf766d5264d487b917733b453d917afd2b0ad65223959f59089f875b", size = 374801, upload-time = "2025-12-06T21:30:49.154Z" },
]

[[package]]
name = "pytest-snapshot"
version = "0.9.0"
source = { registry = "https://pypi.org/simple" }
dependencies = [
    { name = "pytest" },
]
sdist = { url = "https://files.pythonhosted.org/packages/9b/7b/ab8f1fc1e687218aa66acec1c3674d9c443f6a2dc8cb6a50f464548ffa34/pytest-snapshot-0.9.0.tar.gz", hash = "sha256:c7013c3abc3e860f9feff899f8b4debe3708650d8d8242a61bf2625ff64db7f3", size = 19877, upload-time = "2022-04-23T17:35:31.751Z" }
wheels = [
    { url = "https://files.pythonhosted.org/packages/cb/29/518f32faf6edad9f56d6e0107217f7de6b79f297a47170414a2bd4be7f01/pytest_snapshot-0.9.0-py3-none-any.whl", hash = "sha256:4b9fe1c21c868fe53a545e4e3184d36bc1c88946e3f5c1d9dd676962a9b3d4ab", size = 10715, upload-time = "2022-04-23T17:35:30.288Z" },
]
